[[package]]
category = "main"
description = "Create standalone executables from Python scripts"
name = "cx-freeze"
optional = false
python-versions = ">=3.6"
version = "6.5.3"

[package.dependencies]
importlib-metadata = ">=3.1.1"

[[package]]
category = "main"
description = "Read metadata from Python packages"
name = "importlib-metadata"
optional = false
python-versions = ">=3.6"
version = "3.5.0"

[package.dependencies]
zipp = ">=0.5"

[package.extras]
docs = ["sphinx", "jaraco.packaging (>=8.2)", "rst.linker (>=1.9)"]
testing = ["pytest (>=3.5,<3.7.3 || >3.7.3)", "pytest-checkdocs (>=1.2.3)", "pytest-flake8", "pytest-cov", "pytest-enabler", "packaging", "pep517", "pyfakefs", "flufl.flake8", "pytest-black (>=0.3.7)", "pytest-mypy", "importlib-resources (>=1.3)"]

[[package]]
category = "main"
description = "Backport of pathlib-compatible object wrapper for zip files"
name = "zipp"
optional = false
python-versions = ">=3.6"
version = "3.4.0"

[package.extras]
docs = ["sphinx", "jaraco.packaging (>=3.2)", "rst.linker (>=1.9)"]
testing = ["pytest (>=3.5,<3.7.3 || >3.7.3)", "pytest-checkdocs (>=1.2.3)", "pytest-flake8", "pytest-cov", "jaraco.test (>=3.2.0)", "jaraco.itertools", "func-timeout", "pytest-black (>=0.3.7)", "pytest-mypy"]

[metadata]
content-hash = "889433177bf87de9975cb88a2d50a330e9a060abdffdb555ae8113fdc00d0fbd"
python-versions = "^3.8"

[metadata.files]
cx-freeze = [
    {file = "cx_Freeze-6.5.3-cp36-cp36m-win32.whl", hash = "sha256:0a1babae574546b622303da53e1a9829aa3a7e53e62b41eb260250220f83164b"},
    {file = "cx_Freeze-6.5.3-cp36-cp36m-win_amd64.whl", hash = "sha256:2671e46cd491c181c632df3f0df2847bad7066897faa07eb1d50f60f5082596f"},
    {file = "cx_Freeze-6.5.3-cp37-cp37m-win32.whl", hash = "sha256:abf5f95f914573cdff5bd9845144977b875fc655417d0e66f935865af1de64d5"},
    {file = "cx_Freeze-6.5.3-cp37-cp37m-win_amd64.whl", hash = "sha256:65c4560bc7b18e2a7bbe3546313cbc01d3fca244d199b39508cfa2ae561887ce"},
    {file = "cx_Freeze-6.5.3-cp38-cp38-win32.whl", hash = "sha256:7e2592fe1b65bd45c729934b391579fde5aed6b4c9e3e4d990738fc7fec718ea"},
    {file = "cx_Freeze-6.5.3-cp38-cp38-win_amd64.whl", hash = "sha256:d3bb71349dace28e545eb1e4549255f0dd915f925f8505b1a342b3d2fbd4734b"},
    {file = "cx_Freeze-6.5.3-cp39-cp39-win32.whl", hash = "sha256:df3872d8e8f87a3f89e6758bed130b5b95ee7473054e2a7eee5b1a8d1c4ecf9e"},
    {file = "cx_Freeze-6.5.3-cp39-cp39-win_amd64.whl", hash = "sha256:507bbaace2fd27edb0e6b024898ab2e4831d45d7238264f578a5e4fa70f065e5"},
    {file = "cx_Freeze-6.5.3.tar.gz", hash = "sha256:e0d03cabcdf9b9c21354807ed9f06fa9481a8fd5a0838968a830f01a70820ff1"},
]
importlib-metadata = [
    {file = "importlib_metadata-3.5.0-py3-none-any.whl", hash = "sha256:31c5c29f17d064cc71bf6a005a8b25b3332787ab2e7362d5d258800ac825f471"},
    {file = "importlib_metadata-3.5.0.tar.gz", hash = "sha256:2a851a30a1fd847cedd68c7c6bfb90e765db6265852f574e9d88bb40f96924ab"},
]
zipp = [
    {file = "zipp-3.4.0-py3-none-any.whl", hash = "sha256:102c24ef8f171fd729d46599845e95c7ab894a4cf45f5de11a44cc7444fb1108"},
    {file = "zipp-3.4.0.tar.gz", hash = "sha256:ed5eee1974372595f9e416cc7bbeeb12335201d8081ca8a0743c954d4446e5cb"},
]
